
Microsoft Visual Studio Solution File, Format Version 12.00
# Visual Studio Version 17
VisualStudioVersion = 17.1.32421.90
MinimumVisualStudioVersion = 10.0.40219.1
Project("{FAE04EC0-301F-11D3-BF4B-00C04F79EFBC}") = "NZWalks", "NZWalks\NZWalks.csproj", "{097C230F-6E4E-4BC1-97A2-B2C320044300}"
EndProject
Global
	GlobalSection(SolutionConfigurationPlatforms) = preSolution
		Debug|Any CPU = Debug|Any CPU
		Release|Any CPU = Release|Any CPU
	EndGlobalSection
	GlobalSection(ProjectConfigurationPlatforms) = postSolution
		{097C230F-6E4E-4BC1-97A2-B2C320044300}.Debug|Any CPU.ActiveCfg = Debug|Any CPU
		{097C230F-6E4E-4BC1-97A2-B2C320044300}.Debug|Any CPU.Build.0 = Debug|Any CPU
		{097C230F-6E4E-4BC1-97A2-B2C320044300}.Release|Any CPU.ActiveCfg = Release|Any CPU
		{097C230F-6E4E-4BC1-97A2-B2C320044300}.Release|Any CPU.Build.0 = Release|Any CPU
	EndGlobalSection
	GlobalSection(SolutionProperties) = preSolution
		HideSolutionNode = FALSE
	EndGlobalSection
	GlobalSection(ExtensibilityGlobals) = postSolution
		SolutionGuid = {47495CB5-F693-4F8C-B5BA-1CF09725F9A5}
	EndGlobalSection
EndGlobal
